
Microsoft Visual Studio Solution File, Format Version 12.00
# Visual Studio 15
VisualStudioVersion = 15.0.28307.106
MinimumVisualStudioVersion = 10.0.40219.1
Project("{FAE04EC0-301F-11D3-BF4B-00C04F79EFBC}") = "7Stars.Hello", "7Stars.Hello\7Stars.Hello.csproj", "{F3DDAE0E-59C6-4392-9DC5-295119E3B7CF}"
EndProject
Project("{FAE04EC0-301F-11D3-BF4B-00C04F79EFBC}") = "7Stars.Api", "7Stars.Api\7Stars.Api.csproj", "{B7C87E45-A011-47EB-A43B-CFA49D66693C}"
EndProject
Global
	GlobalSection(SolutionConfigurationPlatforms) = preSolution
		Debug|Any CPU = Debug|Any CPU
		Release|Any CPU = Release|Any CPU
	EndGlobalSection
	GlobalSection(ProjectConfigurationPlatforms) = postSolution
		{F3DDAE0E-59C6-4392-9DC5-295119E3B7CF}.Debug|Any CPU.ActiveCfg = Debug|Any CPU
		{F3DDAE0E-59C6-4392-9DC5-295119E3B7CF}.Debug|Any CPU.Build.0 = Debug|Any CPU
		{F3DDAE0E-59C6-4392-9DC5-295119E3B7CF}.Release|Any CPU.ActiveCfg = Release|Any CPU
		{F3DDAE0E-59C6-4392-9DC5-295119E3B7CF}.Release|Any CPU.Build.0 = Release|Any CPU
		{B7C87E45-A011-47EB-A43B-CFA49D66693C}.Debug|Any CPU.ActiveCfg = Debug|Any CPU
		{B7C87E45-A011-47EB-A43B-CFA49D66693C}.Debug|Any CPU.Build.0 = Debug|Any CPU
		{B7C87E45-A011-47EB-A43B-CFA49D66693C}.Release|Any CPU.ActiveCfg = Release|Any CPU
		{B7C87E45-A011-47EB-A43B-CFA49D66693C}.Release|Any CPU.Build.0 = Release|Any CPU
	EndGlobalSection
	GlobalSection(SolutionProperties) = preSolution
		HideSolutionNode = FALSE
	EndGlobalSection
	GlobalSection(ExtensibilityGlobals) = postSolution
		SolutionGuid = {D498DD45-7D8F-4497-AAF8-071DF2DEEA4F}
	EndGlobalSection
EndGlobal
